
Microsoft Visual Studio Solution File, Format Version 12.00
# Visual Studio Version 17
VisualStudioVersion = 17.5.002.0
MinimumVisualStudioVersion = 10.0.40219.1
Project("{9A19103F-16F7-4668-BE54-9A1E7A4F7556}") = "Plataforma", "Plataforma.csproj", "{306138B0-F260-4E72-9157-05D2A093D0D9}"
EndProject
Global
	GlobalSection(SolutionConfigurationPlatforms) = preSolution
		Debug|Any CPU = Debug|Any CPU
		Release|Any CPU = Release|Any CPU
	EndGlobalSection
	GlobalSection(ProjectConfigurationPlatforms) = postSolution
		{306138B0-F260-4E72-9157-05D2A093D0D9}.Debug|Any CPU.ActiveCfg = Debug|Any CPU
		{306138B0-F260-4E72-9157-05D2A093D0D9}.Debug|Any CPU.Build.0 = Debug|Any CPU
		{306138B0-F260-4E72-9157-05D2A093D0D9}.Release|Any CPU.ActiveCfg = Release|Any CPU
		{306138B0-F260-4E72-9157-05D2A093D0D9}.Release|Any CPU.Build.0 = Release|Any CPU
	EndGlobalSection
	GlobalSection(SolutionProperties) = preSolution
		HideSolutionNode = FALSE
	EndGlobalSection
	GlobalSection(ExtensibilityGlobals) = postSolution
		SolutionGuid = {4299DF84-5950-4D5A-9BD5-160CE9E86E33}
	EndGlobalSection
EndGlobal
